
Microsoft Visual Studio Solution File, Format Version 12.00
# Visual Studio Version 17
VisualStudioVersion = 17.0.31903.59
MinimumVisualStudioVersion = 10.0.40219.1
Project("{2150E333-8FDC-42A3-9474-1A3956D46DE8}") = "src", "src", "{7919B3A5-8A0E-40AB-87B4-5ACB13DFD99A}"
EndProject
Project("{2150E333-8FDC-42A3-9474-1A3956D46DE8}") = "Core", "Core", "{ECACC53B-56FD-4CF5-83D1-165895909019}"
EndProject
Project("{FAE04EC0-301F-11D3-BF4B-00C04F79EFBC}") = "Tix.Domain", "src\Core\Tix.Domain\Tix.Domain.csproj", "{AF242285-8F28-4E35-B650-D42B542FA3F5}"
EndProject
Project("{FAE04EC0-301F-11D3-BF4B-00C04F79EFBC}") = "Tix.Application", "src\Core\Tix.Application\Tix.Application.csproj", "{9CCC7593-2AA3-4259-86FD-E1FCF78DFB8C}"
EndProject
Project("{2150E333-8FDC-42A3-9474-1A3956D46DE8}") = "Infrastructure", "Infrastructure", "{532A24A6-57A3-4765-98EC-2CF914A3FED5}"
EndProject
Project("{FAE04EC0-301F-11D3-BF4B-00C04F79EFBC}") = "Tix.Infrastructure.Common", "src\Infrastructure\Tix.Infrastructure.Common\Tix.Infrastructure.Common.csproj", "{4F3F64B3-AED1-4200-A36F-9854ACB1168F}"
EndProject
Project("{FAE04EC0-301F-11D3-BF4B-00C04F79EFBC}") = "Tix.Infrastructure.Sqlite", "src\Infrastructure\Tix.Infrastructure.Sqlite\Tix.Infrastructure.Sqlite.csproj", "{25C0E0D1-C099-49FD-85CC-4BC5FB71041F}"
EndProject
Project("{FAE04EC0-301F-11D3-BF4B-00C04F79EFBC}") = "Tix.Infrastructure.Postgres", "src\Infrastructure\Tix.Infrastructure.Postgres\Tix.Infrastructure.Postgres.csproj", "{0A4B0C19-DCD7-473D-825C-81396868217F}"
EndProject
Project("{2150E333-8FDC-42A3-9474-1A3956D46DE8}") = "Presentation", "Presentation", "{18AC4219-2BC7-44AB-BD2C-BA31D05ED4FF}"
EndProject
Project("{2150E333-8FDC-42A3-9474-1A3956D46DE8}") = "Api", "Api", "{90ACBE89-0B8B-41ED-857E-AC929890BF61}"
EndProject
Project("{FAE04EC0-301F-11D3-BF4B-00C04F79EFBC}") = "Tix.Api", "src\Presentation\Api\Tix.Api\Tix.Api.csproj", "{C97F7B0E-1605-4406-B5F4-4B1F70319D46}"
EndProject
Project("{FAE04EC0-301F-11D3-BF4B-00C04F79EFBC}") = "Tix.Api.Client", "src\Presentation\Api\Tix.Api.Client\Tix.Api.Client.csproj", "{4842EEE2-55DE-4593-9D72-D2F1B6495055}"
EndProject
Project("{FAE04EC0-301F-11D3-BF4B-00C04F79EFBC}") = "Tix.Api.Contracts", "src\Presentation\Api\Tix.Api.Contracts\Tix.Api.Contracts.csproj", "{4D2C0743-90BF-48F0-9E47-9ACF160298EA}"
EndProject
Project("{2150E333-8FDC-42A3-9474-1A3956D46DE8}") = "Console", "Console", "{C01D5872-6D26-431B-9747-99881767B630}"
EndProject
Project("{FAE04EC0-301F-11D3-BF4B-00C04F79EFBC}") = "Tix.Console.Common", "src\Presentation\Console\Tix.Console.Common\Tix.Console.Common.csproj", "{FF4AB239-0A47-4716-A778-82C6CD30E5E0}"
EndProject
Project("{FAE04EC0-301F-11D3-BF4B-00C04F79EFBC}") = "Tix.Console.Client", "src\Presentation\Console\Tix.Console.Client\Tix.Console.Client.csproj", "{F92CC248-9B52-4C2F-9C28-22D5EF101F38}"
EndProject
Project("{FAE04EC0-301F-11D3-BF4B-00C04F79EFBC}") = "Tix.Console.Tool", "src\Presentation\Console\Tix.Console.Tool\Tix.Console.Tool.csproj", "{0818451C-6031-4181-BFDF-46221BB14590}"
EndProject
Project("{2150E333-8FDC-42A3-9474-1A3956D46DE8}") = "Web", "Web", "{92CBB9C8-E815-4A26-A421-E73D59B7099B}"
EndProject
Project("{FAE04EC0-301F-11D3-BF4B-00C04F79EFBC}") = "Tix.Mvc", "src\Presentation\Web\Tix.Mvc\Tix.Mvc.csproj", "{9E7B95C9-156B-43DE-AD53-85990F8AC187}"
EndProject
Project("{2150E333-8FDC-42A3-9474-1A3956D46DE8}") = "Tests", "Tests", "{E2084841-1E42-4F6E-89D5-E05455A54A98}"
EndProject
Project("{FAE04EC0-301F-11D3-BF4B-00C04F79EFBC}") = "Tix.Api.Client.Tests", "src\Tests\Tix.Api.Client.Tests\Tix.Api.Client.Tests.csproj", "{ED5DE52F-1800-4C7A-9243-E2CA0C320D89}"
EndProject
Project("{FAE04EC0-301F-11D3-BF4B-00C04F79EFBC}") = "Tix.Api.Tests", "src\Tests\Tix.Api.Tests\Tix.Api.Tests.csproj", "{ECAA10EE-C682-4558-9A88-A9633A890D4E}"
EndProject
Project("{FAE04EC0-301F-11D3-BF4B-00C04F79EFBC}") = "Tix.Application.Tests", "src\Tests\Tix.Application.Tests\Tix.Application.Tests.csproj", "{6C0E06FD-D0F1-4D6F-8ABF-7657ED569E09}"
EndProject
Project("{FAE04EC0-301F-11D3-BF4B-00C04F79EFBC}") = "Tix.Console.Client.Tests", "src\Tests\Tix.Console.Client.Tests\Tix.Console.Client.Tests.csproj", "{9A0568EA-5764-49B9-9E96-3E798C4E123A}"
EndProject
Project("{FAE04EC0-301F-11D3-BF4B-00C04F79EFBC}") = "Tix.Console.Common.Tests", "src\Tests\Tix.Console.Common.Tests\Tix.Console.Common.Tests.csproj", "{8FE0A1CA-B74E-46CC-B141-BA5E8931AD78}"
EndProject
Project("{FAE04EC0-301F-11D3-BF4B-00C04F79EFBC}") = "Tix.Console.Tool.Tests", "src\Tests\Tix.Console.Tool.Tests\Tix.Console.Tool.Tests.csproj", "{4035811C-E642-4FA5-BFFD-473A8067726B}"
EndProject
Project("{FAE04EC0-301F-11D3-BF4B-00C04F79EFBC}") = "Tix.Domain.Tests", "src\Tests\Tix.Domain.Tests\Tix.Domain.Tests.csproj", "{B5DAC229-C8FE-4817-A82D-9349163B0FA6}"
EndProject
Project("{FAE04EC0-301F-11D3-BF4B-00C04F79EFBC}") = "Tix.Infrastructure.Common.Tests", "src\Tests\Tix.Infrastructure.Common.Tests\Tix.Infrastructure.Common.Tests.csproj", "{33A81DFD-348D-4173-A2AF-CD0BE47701CA}"
EndProject
Project("{FAE04EC0-301F-11D3-BF4B-00C04F79EFBC}") = "Tix.Infrastructure.Postgres.Tests", "src\Tests\Tix.Infrastructure.Postgres.Tests\Tix.Infrastructure.Postgres.Tests.csproj", "{5762A696-AA3C-4F18-8D0E-A02A8C9B07CE}"
EndProject
Project("{FAE04EC0-301F-11D3-BF4B-00C04F79EFBC}") = "Tix.Infrastructure.Sqlite.Tests", "src\Tests\Tix.Infrastructure.Sqlite.Tests\Tix.Infrastructure.Sqlite.Tests.csproj", "{C60B91E4-DF7C-40BF-B452-51EE6BBB99A4}"
EndProject
Project("{FAE04EC0-301F-11D3-BF4B-00C04F79EFBC}") = "Tix.Mvc.Tests", "src\Tests\Tix.Mvc.Tests\Tix.Mvc.Tests.csproj", "{662E83C0-FF01-4B0A-A53F-9F2344D6ED6C}"
EndProject
Project("{2150E333-8FDC-42A3-9474-1A3956D46DE8}") = "Tooling", "Tooling", "{F9FC2A09-4E3C-448F-AA2B-9B98E4821099}"
EndProject
Project("{FAE04EC0-301F-11D3-BF4B-00C04F79EFBC}") = "Tix.Generator", "src\Tooling\Tix.Generator\Tix.Generator.csproj", "{B6659828-26B9-47E5-8258-B316E2C0969F}"
EndProject
Global
	GlobalSection(SolutionConfigurationPlatforms) = preSolution
		Debug|Any CPU = Debug|Any CPU
		Release|Any CPU = Release|Any CPU
	EndGlobalSection
	GlobalSection(ProjectConfigurationPlatforms) = postSolution
		{AF242285-8F28-4E35-B650-D42B542FA3F5}.Debug|Any CPU.ActiveCfg = Debug|Any CPU
		{AF242285-8F28-4E35-B650-D42B542FA3F5}.Debug|Any CPU.Build.0 = Debug|Any CPU
		{AF242285-8F28-4E35-B650-D42B542FA3F5}.Release|Any CPU.ActiveCfg = Release|Any CPU
		{AF242285-8F28-4E35-B650-D42B542FA3F5}.Release|Any CPU.Build.0 = Release|Any CPU
		{9CCC7593-2AA3-4259-86FD-E1FCF78DFB8C}.Debug|Any CPU.ActiveCfg = Debug|Any CPU
		{9CCC7593-2AA3-4259-86FD-E1FCF78DFB8C}.Debug|Any CPU.Build.0 = Debug|Any CPU
		{9CCC7593-2AA3-4259-86FD-E1FCF78DFB8C}.Release|Any CPU.ActiveCfg = Release|Any CPU
		{9CCC7593-2AA3-4259-86FD-E1FCF78DFB8C}.Release|Any CPU.Build.0 = Release|Any CPU
		{4F3F64B3-AED1-4200-A36F-9854ACB1168F}.Debug|Any CPU.ActiveCfg = Debug|Any CPU
		{4F3F64B3-AED1-4200-A36F-9854ACB1168F}.Debug|Any CPU.Build.0 = Debug|Any CPU
		{4F3F64B3-AED1-4200-A36F-9854ACB1168F}.Release|Any CPU.ActiveCfg = Release|Any CPU
		{4F3F64B3-AED1-4200-A36F-9854ACB1168F}.Release|Any CPU.Build.0 = Release|Any CPU
		{25C0E0D1-C099-49FD-85CC-4BC5FB71041F}.Debug|Any CPU.ActiveCfg = Debug|Any CPU
		{25C0E0D1-C099-49FD-85CC-4BC5FB71041F}.Debug|Any CPU.Build.0 = Debug|Any CPU
		{25C0E0D1-C099-49FD-85CC-4BC5FB71041F}.Release|Any CPU.ActiveCfg = Release|Any CPU
		{25C0E0D1-C099-49FD-85CC-4BC5FB71041F}.Release|Any CPU.Build.0 = Release|Any CPU
		{0A4B0C19-DCD7-473D-825C-81396868217F}.Debug|Any CPU.ActiveCfg = Debug|Any CPU
		{0A4B0C19-DCD7-473D-825C-81396868217F}.Debug|Any CPU.Build.0 = Debug|Any CPU
		{0A4B0C19-DCD7-473D-825C-81396868217F}.Release|Any CPU.ActiveCfg = Release|Any CPU
		{0A4B0C19-DCD7-473D-825C-81396868217F}.Release|Any CPU.Build.0 = Release|Any CPU
		{C97F7B0E-1605-4406-B5F4-4B1F70319D46}.Debug|Any CPU.ActiveCfg = Debug|Any CPU
		{C97F7B0E-1605-4406-B5F4-4B1F70319D46}.Debug|Any CPU.Build.0 = Debug|Any CPU
		{C97F7B0E-1605-4406-B5F4-4B1F70319D46}.Release|Any CPU.ActiveCfg = Release|Any CPU
		{C97F7B0E-1605-4406-B5F4-4B1F70319D46}.Release|Any CPU.Build.0 = Release|Any CPU
		{4842EEE2-55DE-4593-9D72-D2F1B6495055}.Debug|Any CPU.ActiveCfg = Debug|Any CPU
		{4842EEE2-55DE-4593-9D72-D2F1B6495055}.Debug|Any CPU.Build.0 = Debug|Any CPU
		{4842EEE2-55DE-4593-9D72-D2F1B6495055}.Release|Any CPU.ActiveCfg = Release|Any CPU
		{4842EEE2-55DE-4593-9D72-D2F1B6495055}.Release|Any CPU.Build.0 = Release|Any CPU
		{4D2C0743-90BF-48F0-9E47-9ACF160298EA}.Debug|Any CPU.ActiveCfg = Debug|Any CPU
		{4D2C0743-90BF-48F0-9E47-9ACF160298EA}.Debug|Any CPU.Build.0 = Debug|Any CPU
		{4D2C0743-90BF-48F0-9E47-9ACF160298EA}.Release|Any CPU.ActiveCfg = Release|Any CPU
		{4D2C0743-90BF-48F0-9E47-9ACF160298EA}.Release|Any CPU.Build.0 = Release|Any CPU
		{FF4AB239-0A47-4716-A778-82C6CD30E5E0}.Debug|Any CPU.ActiveCfg = Debug|Any CPU
		{FF4AB239-0A47-4716-A778-82C6CD30E5E0}.Debug|Any CPU.Build.0 = Debug|Any CPU
		{FF4AB239-0A47-4716-A778-82C6CD30E5E0}.Release|Any CPU.ActiveCfg = Release|Any CPU
		{FF4AB239-0A47-4716-A778-82C6CD30E5E0}.Release|Any CPU.Build.0 = Release|Any CPU
		{F92CC248-9B52-4C2F-9C28-22D5EF101F38}.Debug|Any CPU.ActiveCfg = Debug|Any CPU
		{F92CC248-9B52-4C2F-9C28-22D5EF101F38}.Debug|Any CPU.Build.0 = Debug|Any CPU
		{F92CC248-9B52-4C2F-9C28-22D5EF101F38}.Release|Any CPU.ActiveCfg = Release|Any CPU
		{F92CC248-9B52-4C2F-9C28-22D5EF101F38}.Release|Any CPU.Build.0 = Release|Any CPU
		{0818451C-6031-4181-BFDF-46221BB14590}.Debug|Any CPU.ActiveCfg = Debug|Any CPU
		{0818451C-6031-4181-BFDF-46221BB14590}.Debug|Any CPU.Build.0 = Debug|Any CPU
		{0818451C-6031-4181-BFDF-46221BB14590}.Release|Any CPU.ActiveCfg = Release|Any CPU
		{0818451C-6031-4181-BFDF-46221BB14590}.Release|Any CPU.Build.0 = Release|Any CPU
		{9E7B95C9-156B-43DE-AD53-85990F8AC187}.Debug|Any CPU.ActiveCfg = Debug|Any CPU
		{9E7B95C9-156B-43DE-AD53-85990F8AC187}.Debug|Any CPU.Build.0 = Debug|Any CPU
		{9E7B95C9-156B-43DE-AD53-85990F8AC187}.Release|Any CPU.ActiveCfg = Release|Any CPU
		{9E7B95C9-156B-43DE-AD53-85990F8AC187}.Release|Any CPU.Build.0 = Release|Any CPU
		{ED5DE52F-1800-4C7A-9243-E2CA0C320D89}.Debug|Any CPU.ActiveCfg = Debug|Any CPU
		{ED5DE52F-1800-4C7A-9243-E2CA0C320D89}.Debug|Any CPU.Build.0 = Debug|Any CPU
		{ED5DE52F-1800-4C7A-9243-E2CA0C320D89}.Release|Any CPU.ActiveCfg = Release|Any CPU
		{ED5DE52F-1800-4C7A-9243-E2CA0C320D89}.Release|Any CPU.Build.0 = Release|Any CPU
		{ECAA10EE-C682-4558-9A88-A9633A890D4E}.Debug|Any CPU.ActiveCfg = Debug|Any CPU
		{ECAA10EE-C682-4558-9A88-A9633A890D4E}.Debug|Any CPU.Build.0 = Debug|Any CPU
		{ECAA10EE-C682-4558-9A88-A9633A890D4E}.Release|Any CPU.ActiveCfg = Release|Any CPU
		{ECAA10EE-C682-4558-9A88-A9633A890D4E}.Release|Any CPU.Build.0 = Release|Any CPU
		{6C0E06FD-D0F1-4D6F-8ABF-7657ED569E09}.Debug|Any CPU.ActiveCfg = Debug|Any CPU
		{6C0E06FD-D0F1-4D6F-8ABF-7657ED569E09}.Debug|Any CPU.Build.0 = Debug|Any CPU
		{6C0E06FD-D0F1-4D6F-8ABF-7657ED569E09}.Release|Any CPU.ActiveCfg = Release|Any CPU
		{6C0E06FD-D0F1-4D6F-8ABF-7657ED569E09}.Release|Any CPU.Build.0 = Release|Any CPU
		{9A0568EA-5764-49B9-9E96-3E798C4E123A}.Debug|Any CPU.ActiveCfg = Debug|Any CPU
		{9A0568EA-5764-49B9-9E96-3E798C4E123A}.Debug|Any CPU.Build.0 = Debug|Any CPU
		{9A0568EA-5764-49B9-9E96-3E798C4E123A}.Release|Any CPU.ActiveCfg = Release|Any CPU
		{9A0568EA-5764-49B9-9E96-3E798C4E123A}.Release|Any CPU.Build.0 = Release|Any CPU
		{8FE0A1CA-B74E-46CC-B141-BA5E8931AD78}.Debug|Any CPU.ActiveCfg = Debug|Any CPU
		{8FE0A1CA-B74E-46CC-B141-BA5E8931AD78}.Debug|Any CPU.Build.0 = Debug|Any CPU
		{8FE0A1CA-B74E-46CC-B141-BA5E8931AD78}.Release|Any CPU.ActiveCfg = Release|Any CPU
		{8FE0A1CA-B74E-46CC-B141-BA5E8931AD78}.Release|Any CPU.Build.0 = Release|Any CPU
		{4035811C-E642-4FA5-BFFD-473A8067726B}.Debug|Any CPU.ActiveCfg = Debug|Any CPU
		{4035811C-E642-4FA5-BFFD-473A8067726B}.Debug|Any CPU.Build.0 = Debug|Any CPU
		{4035811C-E642-4FA5-BFFD-473A8067726B}.Release|Any CPU.ActiveCfg = Release|Any CPU
		{4035811C-E642-4FA5-BFFD-473A8067726B}.Release|Any CPU.Build.0 = Release|Any CPU
		{B5DAC229-C8FE-4817-A82D-9349163B0FA6}.Debug|Any CPU.ActiveCfg = Debug|Any CPU
		{B5DAC229-C8FE-4817-A82D-9349163B0FA6}.Debug|Any CPU.Build.0 = Debug|Any CPU
		{B5DAC229-C8FE-4817-A82D-9349163B0FA6}.Release|Any CPU.ActiveCfg = Release|Any CPU
		{B5DAC229-C8FE-4817-A82D-9349163B0FA6}.Release|Any CPU.Build.0 = Release|Any CPU
		{33A81DFD-348D-4173-A2AF-CD0BE47701CA}.Debug|Any CPU.ActiveCfg = Debug|Any CPU
		{33A81DFD-348D-4173-A2AF-CD0BE47701CA}.Debug|Any CPU.Build.0 = Debug|Any CPU
		{33A81DFD-348D-4173-A2AF-CD0BE47701CA}.Release|Any CPU.ActiveCfg = Release|Any CPU
		{33A81DFD-348D-4173-A2AF-CD0BE47701CA}.Release|Any CPU.Build.0 = Release|Any CPU
		{5762A696-AA3C-4F18-8D0E-A02A8C9B07CE}.Debug|Any CPU.ActiveCfg = Debug|Any CPU
		{5762A696-AA3C-4F18-8D0E-A02A8C9B07CE}.Debug|Any CPU.Build.0 = Debug|Any CPU
		{5762A696-AA3C-4F18-8D0E-A02A8C9B07CE}.Release|Any CPU.ActiveCfg = Release|Any CPU
		{5762A696-AA3C-4F18-8D0E-A02A8C9B07CE}.Release|Any CPU.Build.0 = Release|Any CPU
		{C60B91E4-DF7C-40BF-B452-51EE6BBB99A4}.Debug|Any CPU.ActiveCfg = Debug|Any CPU
		{C60B91E4-DF7C-40BF-B452-51EE6BBB99A4}.Debug|Any CPU.Build.0 = Debug|Any CPU
		{C60B91E4-DF7C-40BF-B452-51EE6BBB99A4}.Release|Any CPU.ActiveCfg = Release|Any CPU
		{C60B91E4-DF7C-40BF-B452-51EE6BBB99A4}.Release|Any CPU.Build.0 = Release|Any CPU
		{662E83C0-FF01-4B0A-A53F-9F2344D6ED6C}.Debug|Any CPU.ActiveCfg = Debug|Any CPU
		{662E83C0-FF01-4B0A-A53F-9F2344D6ED6C}.Debug|Any CPU.Build.0 = Debug|Any CPU
		{662E83C0-FF01-4B0A-A53F-9F2344D6ED6C}.Release|Any CPU.ActiveCfg = Release|Any CPU
		{662E83C0-FF01-4B0A-A53F-9F2344D6ED6C}.Release|Any CPU.Build.0 = Release|Any CPU
		{B6659828-26B9-47E5-8258-B316E2C0969F}.Debug|Any CPU.ActiveCfg = Debug|Any CPU
		{B6659828-26B9-47E5-8258-B316E2C0969F}.Debug|Any CPU.Build.0 = Debug|Any CPU
		{B6659828-26B9-47E5-8258-B316E2C0969F}.Release|Any CPU.ActiveCfg = Release|Any CPU
		{B6659828-26B9-47E5-8258-B316E2C0969F}.Release|Any CPU.Build.0 = Release|Any CPU
	EndGlobalSection
	GlobalSection(SolutionProperties) = preSolution
		HideSolutionNode = FALSE
	EndGlobalSection
	GlobalSection(NestedProjects) = preSolution
		{ECACC53B-56FD-4CF5-83D1-165895909019} = {7919B3A5-8A0E-40AB-87B4-5ACB13DFD99A}
		{AF242285-8F28-4E35-B650-D42B542FA3F5} = {ECACC53B-56FD-4CF5-83D1-165895909019}
		{9CCC7593-2AA3-4259-86FD-E1FCF78DFB8C} = {ECACC53B-56FD-4CF5-83D1-165895909019}
		{532A24A6-57A3-4765-98EC-2CF914A3FED5} = {7919B3A5-8A0E-40AB-87B4-5ACB13DFD99A}
		{4F3F64B3-AED1-4200-A36F-9854ACB1168F} = {532A24A6-57A3-4765-98EC-2CF914A3FED5}
		{25C0E0D1-C099-49FD-85CC-4BC5FB71041F} = {532A24A6-57A3-4765-98EC-2CF914A3FED5}
		{0A4B0C19-DCD7-473D-825C-81396868217F} = {532A24A6-57A3-4765-98EC-2CF914A3FED5}
		{18AC4219-2BC7-44AB-BD2C-BA31D05ED4FF} = {7919B3A5-8A0E-40AB-87B4-5ACB13DFD99A}
		{90ACBE89-0B8B-41ED-857E-AC929890BF61} = {18AC4219-2BC7-44AB-BD2C-BA31D05ED4FF}
		{C97F7B0E-1605-4406-B5F4-4B1F70319D46} = {90ACBE89-0B8B-41ED-857E-AC929890BF61}
		{4842EEE2-55DE-4593-9D72-D2F1B6495055} = {90ACBE89-0B8B-41ED-857E-AC929890BF61}
		{4D2C0743-90BF-48F0-9E47-9ACF160298EA} = {90ACBE89-0B8B-41ED-857E-AC929890BF61}
		{C01D5872-6D26-431B-9747-99881767B630} = {18AC4219-2BC7-44AB-BD2C-BA31D05ED4FF}
		{FF4AB239-0A47-4716-A778-82C6CD30E5E0} = {C01D5872-6D26-431B-9747-99881767B630}
		{F92CC248-9B52-4C2F-9C28-22D5EF101F38} = {C01D5872-6D26-431B-9747-99881767B630}
		{0818451C-6031-4181-BFDF-46221BB14590} = {C01D5872-6D26-431B-9747-99881767B630}
		{92CBB9C8-E815-4A26-A421-E73D59B7099B} = {18AC4219-2BC7-44AB-BD2C-BA31D05ED4FF}
		{9E7B95C9-156B-43DE-AD53-85990F8AC187} = {92CBB9C8-E815-4A26-A421-E73D59B7099B}
		{E2084841-1E42-4F6E-89D5-E05455A54A98} = {7919B3A5-8A0E-40AB-87B4-5ACB13DFD99A}
		{ED5DE52F-1800-4C7A-9243-E2CA0C320D89} = {E2084841-1E42-4F6E-89D5-E05455A54A98}
		{ECAA10EE-C682-4558-9A88-A9633A890D4E} = {E2084841-1E42-4F6E-89D5-E05455A54A98}
		{6C0E06FD-D0F1-4D6F-8ABF-7657ED569E09} = {E2084841-1E42-4F6E-89D5-E05455A54A98}
		{9A0568EA-5764-49B9-9E96-3E798C4E123A} = {E2084841-1E42-4F6E-89D5-E05455A54A98}
		{8FE0A1CA-B74E-46CC-B141-BA5E8931AD78} = {E2084841-1E42-4F6E-89D5-E05455A54A98}
		{4035811C-E642-4FA5-BFFD-473A8067726B} = {E2084841-1E42-4F6E-89D5-E05455A54A98}
		{B5DAC229-C8FE-4817-A82D-9349163B0FA6} = {E2084841-1E42-4F6E-89D5-E05455A54A98}
		{33A81DFD-348D-4173-A2AF-CD0BE47701CA} = {E2084841-1E42-4F6E-89D5-E05455A54A98}
		{5762A696-AA3C-4F18-8D0E-A02A8C9B07CE} = {E2084841-1E42-4F6E-89D5-E05455A54A98}
		{C60B91E4-DF7C-40BF-B452-51EE6BBB99A4} = {E2084841-1E42-4F6E-89D5-E05455A54A98}
		{662E83C0-FF01-4B0A-A53F-9F2344D6ED6C} = {E2084841-1E42-4F6E-89D5-E05455A54A98}
		{F9FC2A09-4E3C-448F-AA2B-9B98E4821099} = {7919B3A5-8A0E-40AB-87B4-5ACB13DFD99A}
		{B6659828-26B9-47E5-8258-B316E2C0969F} = {F9FC2A09-4E3C-448F-AA2B-9B98E4821099}
	EndGlobalSection
EndGlobal
